
Microsoft Visual Studio Solution File, Format Version 12.00
# Visual Studio Version 17
VisualStudioVersion = 17.14.36603.0 d17.14
MinimumVisualStudioVersion = 10.0.40219.1
Project("{FAE04EC0-301F-11D3-BF4B-00C04F79EFBC}") = "Logistica.API", "Logistica.API.csproj", "{FAB460EB-D94E-47FD-A671-D46E47216E15}"
EndProject
Global
	GlobalSection(SolutionConfigurationPlatforms) = preSolution
		Debug|Any CPU = Debug|Any CPU
		Release|Any CPU = Release|Any CPU
	EndGlobalSection
	GlobalSection(ProjectConfigurationPlatforms) = postSolution
		{FAB460EB-D94E-47FD-A671-D46E47216E15}.Debug|Any CPU.ActiveCfg = Debug|Any CPU
		{FAB460EB-D94E-47FD-A671-D46E47216E15}.Debug|Any CPU.Build.0 = Debug|Any CPU
		{FAB460EB-D94E-47FD-A671-D46E47216E15}.Release|Any CPU.ActiveCfg = Release|Any CPU
		{FAB460EB-D94E-47FD-A671-D46E47216E15}.Release|Any CPU.Build.0 = Release|Any CPU
	EndGlobalSection
	GlobalSection(SolutionProperties) = preSolution
		HideSolutionNode = FALSE
	EndGlobalSection
	GlobalSection(ExtensibilityGlobals) = postSolution
		SolutionGuid = {89FD8B07-670D-42F5-AF50-181D6A9E4FEC}
	EndGlobalSection
EndGlobal
